<?xml version="1.0" encoding="utf-8"?>
<Project ToolsVersion="4.0" xmlns="http://schemas.microsoft.com/developer/msbuild/2003">
  <ItemGroup>
    <Filter Include="Source Files">
      <UniqueIdentifier>{4FC737F1-C7A5-4376-A066-2A32D752A2FF}</UniqueIdentifier>
      <Extensions>cpp;c;cc;cxx;def;odl;idl;hpj;bat;asm;asmx</Extensions>
    </Filter>
    <Filter Include="Header Files">
      <UniqueIdentifier>{93995380-89BD-4b04-88EB-625FBE52EBFB}</UniqueIdentifier>
      <Extensions>h;hh;hpp;hxx;hm;inl;inc;xsd</Extensions>
    </Filter>
    <Filter Include="Resource Files">
      <UniqueIdentifier>{67DA6AB6-F800-4c08-8B7A-83BB121AAD01}</UniqueIdentifier>
      <Extensions>rc;ico;cur;bmp;dlg;rc2;rct;bin;rgs;gif;jpg;jpeg;jpe;resx;tiff;tif;png;wav;mfcribbon-ms</Extensions>
    </Filter>
    <Filter Include="imgui">
      <UniqueIdentifier>{945deefb-c5e1-4b77-8c77-424dea90ff26}</UniqueIdentifier>
    </Filter>
    <Filter Include="Hosek-Wilkie">
      <UniqueIdentifier>{faa63c79-5ad6-4a32-910c-b4bfea2a533c}</UniqueIdentifier>
    </Filter>
  </ItemGroup>
  <ItemGroup>
    <ClInclude Include="imgui_table.h">
      <Filter>Header Files</Filter>
    </ClInclude>
    <ClInclude Include="..\third-party\HosekWilkie_SkylightModel_C_Source.1.4a\ArHosekSkyModel.h">
      <Filter>Hosek-Wilkie</Filter>
    </ClInclude>
    <ClInclude Include="..\third-party\HosekWilkie_SkylightModel_C_Source.1.4a\ArHosekSkyModelData_CIEXYZ.h">
      <Filter>Hosek-Wilkie</Filter>
    </ClInclude>
    <ClInclude Include="..\third-party\HosekWilkie_SkylightModel_C_Source.1.4a\ArHosekSkyModelData_RGB.h">
      <Filter>Hosek-Wilkie</Filter>
    </ClInclude>
    <ClInclude Include="..\third-party\HosekWilkie_SkylightModel_C_Source.1.4a\ArHosekSkyModelData_Spectral.h">
      <Filter>Hosek-Wilkie</Filter>
    </ClInclude>
    <ClInclude Include="..\third-party\imgui\imconfig.h">
      <Filter>imgui</Filter>
    </ClInclude>
    <ClInclude Include="..\third-party\imgui\imgui.h">
      <Filter>imgui</Filter>
    </ClInclude>
    <ClInclude Include="..\third-party\imgui\imgui_internal.h">
      <Filter>imgui</Filter>
    </ClInclude>
    <ClInclude Include="..\third-party\imgui\imgui_user.h">
      <Filter>imgui</Filter>
    </ClInclude>
    <ClInclude Include="..\third-party\imgui\stb_rect_pack.h">
      <Filter>imgui</Filter>
    </ClInclude>
    <ClInclude Include="..\third-party\imgui\stb_textedit.h">
      <Filter>imgui</Filter>
    </ClInclude>
    <ClInclude Include="..\third-party\imgui\stb_truetype.h">
      <Filter>imgui</Filter>
    </ClInclude>
    <ClInclude Include="..\third-party\stb\stb_image.h">
      <Filter>Header Files</Filter>
    </ClInclude>
  </ItemGroup>
  <ItemGroup>
    <ClCompile Include="..\third-party\HosekWilkie_SkylightModel_C_Source.1.4a\ArHosekSkyModel.c">
      <Filter>Hosek-Wilkie</Filter>
    </ClCompile>
    <ClCompile Include="..\third-party\imgui\imgui.cpp">
      <Filter>imgui</Filter>
    </ClCompile>
    <ClCompile Include="..\third-party\imgui\imgui_demo.cpp">
      <Filter>imgui</Filter>
    </ClCompile>
    <ClCompile Include="..\third-party\imgui\imgui_draw.cpp">
      <Filter>imgui</Filter>
    </ClCompile>
  </ItemGroup>
  <ItemGroup>
    <None Include="..\third-party\imgui\imgui_user.inl">
      <Filter>imgui</Filter>
    </None>
  </ItemGroup>
</Project>