
Microsoft Visual Studio Solution File, Format Version 12.00
# Visual Studio 14
VisualStudioVersion = 14.0.25420.1
MinimumVisualStudioVersion = 10.0.40219.1
Project("{2150E333-8FDC-42A3-9474-1A3956D46DE8}") = "Properties", "Properties", "{3E37E7E8-DF0F-4CD8-BA9C-141EB8102A94}"
	ProjectSection(SolutionItems) = preProject
		properties\Debug.props = properties\Debug.props
		properties\Release.props = properties\Release.props
		properties\ThirdParty.props = properties\ThirdParty.props
		properties\Win32.props = properties\Win32.props
		properties\Win64.props = properties\Win64.props
	EndProjectSection
EndProject
Project("{8BC9CEB8-8B4A-11D0-8D11-00A0C91BC942}") = "proc", "proc\proc.vcxproj", "{4E658DEB-0CA1-4817-B404-2868AED2B0DC}"
EndProject
Project("{8BC9CEB8-8B4A-11D0-8D11-00A0C91BC942}") = "cds", "cds.vcxproj", "{408FE9BC-44F0-4E6A-89FA-D6F952584239}"
EndProject
Project("{8BC9CEB8-8B4A-11D0-8D11-00A0C91BC942}") = "framework", "src\src.vcxitems", "{45D41ACC-2C3C-43D2-BC10-02AA73FFC7C7}"
EndProject
Project("{8BC9CEB8-8B4A-11D0-8D11-00A0C91BC942}") = "win32-lib", "framework-static-win32\framework-static-win32.vcxproj", "{A9326043-2D69-4511-8564-7A8F93E4E0BB}"
EndProject
Project("{8BC9CEB8-8B4A-11D0-8D11-00A0C91BC942}") = "win32-test", "test\test.vcxproj", "{01B3A2F7-B589-4B41-ADD7-2B4A6A5DA002}"
EndProject
Project("{8BC9CEB8-8B4A-11D0-8D11-00A0C91BC942}") = "assets", "assets\assets.vcxitems", "{08A6F359-A78B-4057-8DFA-6E9109C673C1}"
EndProject
Project("{8BC9CEB8-8B4A-11D0-8D11-00A0C91BC942}") = "core", "core\core.vcxproj", "{80D6964D-C863-428E-8902-A2C6ED39383A}"
EndProject
Project("{8BC9CEB8-8B4A-11D0-8D11-00A0C91BC942}") = "scene", "scene\scene.vcxproj", "{FF19F6AE-67E0-4585-9D4A-038CB6E8DD09}"
EndProject
Global
	GlobalSection(SharedMSBuildProjectFiles) = preSolution
		assets\assets.vcxitems*{08a6f359-a78b-4057-8dfa-6e9109c673c1}*SharedItemsImports = 9
		src\src.vcxitems*{45d41acc-2c3c-43d2-bc10-02aa73ffc7c7}*SharedItemsImports = 9
		src\src.vcxitems*{a9326043-2d69-4511-8564-7a8f93e4e0bb}*SharedItemsImports = 4
	EndGlobalSection
	GlobalSection(SolutionConfigurationPlatforms) = preSolution
		Debug|x64 = Debug|x64
		Debug|x86 = Debug|x86
		Release|x64 = Release|x64
		Release|x86 = Release|x86
	EndGlobalSection
	GlobalSection(ProjectConfigurationPlatforms) = postSolution
		{4E658DEB-0CA1-4817-B404-2868AED2B0DC}.Debug|x64.ActiveCfg = Debug|x64
		{4E658DEB-0CA1-4817-B404-2868AED2B0DC}.Debug|x64.Build.0 = Debug|x64
		{4E658DEB-0CA1-4817-B404-2868AED2B0DC}.Debug|x86.ActiveCfg = Debug|Win32
		{4E658DEB-0CA1-4817-B404-2868AED2B0DC}.Debug|x86.Build.0 = Debug|Win32
		{4E658DEB-0CA1-4817-B404-2868AED2B0DC}.Release|x64.ActiveCfg = Release|x64
		{4E658DEB-0CA1-4817-B404-2868AED2B0DC}.Release|x64.Build.0 = Release|x64
		{4E658DEB-0CA1-4817-B404-2868AED2B0DC}.Release|x86.ActiveCfg = Release|Win32
		{4E658DEB-0CA1-4817-B404-2868AED2B0DC}.Release|x86.Build.0 = Release|Win32
		{408FE9BC-44F0-4E6A-89FA-D6F952584239}.Debug|x64.ActiveCfg = Debug|x64
		{408FE9BC-44F0-4E6A-89FA-D6F952584239}.Debug|x64.Build.0 = Debug|x64
		{408FE9BC-44F0-4E6A-89FA-D6F952584239}.Debug|x86.ActiveCfg = Debug|Win32
		{408FE9BC-44F0-4E6A-89FA-D6F952584239}.Debug|x86.Build.0 = Debug|Win32
		{408FE9BC-44F0-4E6A-89FA-D6F952584239}.Release|x64.ActiveCfg = Release|x64
		{408FE9BC-44F0-4E6A-89FA-D6F952584239}.Release|x64.Build.0 = Release|x64
		{408FE9BC-44F0-4E6A-89FA-D6F952584239}.Release|x86.ActiveCfg = Release|Win32
		{408FE9BC-44F0-4E6A-89FA-D6F952584239}.Release|x86.Build.0 = Release|Win32
		{A9326043-2D69-4511-8564-7A8F93E4E0BB}.Debug|x64.ActiveCfg = Debug|x64
		{A9326043-2D69-4511-8564-7A8F93E4E0BB}.Debug|x64.Build.0 = Debug|x64
		{A9326043-2D69-4511-8564-7A8F93E4E0BB}.Debug|x86.ActiveCfg = Debug|Win32
		{A9326043-2D69-4511-8564-7A8F93E4E0BB}.Debug|x86.Build.0 = Debug|Win32
		{A9326043-2D69-4511-8564-7A8F93E4E0BB}.Release|x64.ActiveCfg = Release|x64
		{A9326043-2D69-4511-8564-7A8F93E4E0BB}.Release|x64.Build.0 = Release|x64
		{A9326043-2D69-4511-8564-7A8F93E4E0BB}.Release|x86.ActiveCfg = Release|Win32
		{A9326043-2D69-4511-8564-7A8F93E4E0BB}.Release|x86.Build.0 = Release|Win32
		{01B3A2F7-B589-4B41-ADD7-2B4A6A5DA002}.Debug|x64.ActiveCfg = Debug|x64
		{01B3A2F7-B589-4B41-ADD7-2B4A6A5DA002}.Debug|x64.Build.0 = Debug|x64
		{01B3A2F7-B589-4B41-ADD7-2B4A6A5DA002}.Debug|x86.ActiveCfg = Debug|Win32
		{01B3A2F7-B589-4B41-ADD7-2B4A6A5DA002}.Debug|x86.Build.0 = Debug|Win32
		{01B3A2F7-B589-4B41-ADD7-2B4A6A5DA002}.Release|x64.ActiveCfg = Release|x64
		{01B3A2F7-B589-4B41-ADD7-2B4A6A5DA002}.Release|x64.Build.0 = Release|x64
		{01B3A2F7-B589-4B41-ADD7-2B4A6A5DA002}.Release|x86.ActiveCfg = Release|Win32
		{01B3A2F7-B589-4B41-ADD7-2B4A6A5DA002}.Release|x86.Build.0 = Release|Win32
		{80D6964D-C863-428E-8902-A2C6ED39383A}.Debug|x64.ActiveCfg = Debug|x64
		{80D6964D-C863-428E-8902-A2C6ED39383A}.Debug|x64.Build.0 = Debug|x64
		{80D6964D-C863-428E-8902-A2C6ED39383A}.Debug|x86.ActiveCfg = Debug|Win32
		{80D6964D-C863-428E-8902-A2C6ED39383A}.Debug|x86.Build.0 = Debug|Win32
		{80D6964D-C863-428E-8902-A2C6ED39383A}.Release|x64.ActiveCfg = Release|x64
		{80D6964D-C863-428E-8902-A2C6ED39383A}.Release|x64.Build.0 = Release|x64
		{80D6964D-C863-428E-8902-A2C6ED39383A}.Release|x86.ActiveCfg = Release|Win32
		{80D6964D-C863-428E-8902-A2C6ED39383A}.Release|x86.Build.0 = Release|Win32
		{FF19F6AE-67E0-4585-9D4A-038CB6E8DD09}.Debug|x64.ActiveCfg = Debug|Win32
		{FF19F6AE-67E0-4585-9D4A-038CB6E8DD09}.Debug|x86.ActiveCfg = Debug|Win32
		{FF19F6AE-67E0-4585-9D4A-038CB6E8DD09}.Debug|x86.Build.0 = Debug|Win32
		{FF19F6AE-67E0-4585-9D4A-038CB6E8DD09}.Release|x64.ActiveCfg = Release|Win32
		{FF19F6AE-67E0-4585-9D4A-038CB6E8DD09}.Release|x86.ActiveCfg = Release|Win32
		{FF19F6AE-67E0-4585-9D4A-038CB6E8DD09}.Release|x86.Build.0 = Release|Win32
	EndGlobalSection
	GlobalSection(SolutionProperties) = preSolution
		HideSolutionNode = FALSE
	EndGlobalSection
EndGlobal
