<?xml version="1.0" encoding="utf-8"?>
<Project ToolsVersion="4.0" xmlns="http://schemas.microsoft.com/developer/msbuild/2003">
  <ItemGroup>
    <ClCompile Include="app.cpp" />
    <ClCompile Include="stb.cpp" />
    <ClCompile Include="..\third-party\imgui\imgui.cpp">
      <Filter>imgui</Filter>
    </ClCompile>
    <ClCompile Include="..\third-party\imgui\imgui_demo.cpp">
      <Filter>imgui</Filter>
    </ClCompile>
    <ClCompile Include="..\third-party\imgui\imgui_draw.cpp">
      <Filter>imgui</Filter>
    </ClCompile>
    <ClCompile Include="..\third-party\HosekWilkie_SkylightModel_C_Source.1.4a\ArHosekSkyModel.c">
      <Filter>hosek</Filter>
    </ClCompile>
    <ClCompile Include="framework\aligned_allocator.cpp">
      <Filter>concurrency</Filter>
    </ClCompile>
    <ClCompile Include="framework\distortion.cpp" />
    <ClCompile Include="framework\epoch.cpp" />
    <ClCompile Include="framework\filesystem.cpp" />
    <ClCompile Include="framework\gl.cpp" />
    <ClCompile Include="framework\gui.cpp" />
    <ClCompile Include="framework\rendermodel.cpp" />
    <ClCompile Include="framework\quality.cpp" />
    <ClCompile Include="framework\overlay.cpp" />
    <ClCompile Include="framework\openal.cpp" />
    <ClCompile Include="framework\openvr.cpp" />
    <ClCompile Include="framework\openvr_system.cpp" />
    <ClCompile Include="framework\sdl_system.cpp" />
    <ClCompile Include="framework\sdl_window.cpp" />
    <ClCompile Include="framework\spherical_harmonics.cpp" />
    <ClCompile Include="framework\shader.cpp" />
    <ClCompile Include="framework\worker.cpp">
      <Filter>concurrency</Filter>
    </ClCompile>
    <ClCompile Include="framework\timer.cpp" />
    <ClCompile Include="framework\spectrum.cpp" />
    <ClCompile Include="framework\spdlog.cpp" />
    <ClCompile Include="framework\skybox.cpp" />
    <ClCompile Include="framework\controllers.cpp" />
  </ItemGroup>
  <ItemGroup>
    <ClInclude Include="framework.h" />
    <ClInclude Include="adsr.h" />
    <ClInclude Include="stb.h" />
    <ClInclude Include="stdafx.h" />
    <ClInclude Include="..\third-party\imgui\imgui.h">
      <Filter>imgui</Filter>
    </ClInclude>
    <ClInclude Include="..\third-party\imgui\imgui_internal.h">
      <Filter>imgui</Filter>
    </ClInclude>
    <ClInclude Include="..\third-party\imgui\stb_rect_pack.h">
      <Filter>imgui</Filter>
    </ClInclude>
    <ClInclude Include="..\third-party\imgui\stb_textedit.h">
      <Filter>imgui</Filter>
    </ClInclude>
    <ClInclude Include="..\third-party\imgui\stb_truetype.h">
      <Filter>imgui</Filter>
    </ClInclude>
    <ClInclude Include="..\third-party\HosekWilkie_SkylightModel_C_Source.1.4a\ArHosekSkyModel.h">
      <Filter>hosek</Filter>
    </ClInclude>
    <ClInclude Include="..\third-party\HosekWilkie_SkylightModel_C_Source.1.4a\ArHosekSkyModelData_CIEXYZ.h">
      <Filter>hosek</Filter>
    </ClInclude>
    <ClInclude Include="..\third-party\HosekWilkie_SkylightModel_C_Source.1.4a\ArHosekSkyModelData_RGB.h">
      <Filter>hosek</Filter>
    </ClInclude>
    <ClInclude Include="..\third-party\HosekWilkie_SkylightModel_C_Source.1.4a\ArHosekSkyModelData_Spectral.h">
      <Filter>hosek</Filter>
    </ClInclude>
    <ClInclude Include="shaders\uniforms.h" />
    <ClInclude Include="framework\aligned_allocator.h">
      <Filter>concurrency</Filter>
    </ClInclude>
    <ClInclude Include="framework\alloca_array.h">
      <Filter>concurrency</Filter>
    </ClInclude>
    <ClInclude Include="framework\chase_lev_deque.h">
      <Filter>concurrency</Filter>
    </ClInclude>
    <ClInclude Include="framework\cache_isolated.h">
      <Filter>concurrency</Filter>
    </ClInclude>
    <ClInclude Include="framework\cds.h">
      <Filter>concurrency</Filter>
    </ClInclude>
    <ClInclude Include="framework\config.h" />
    <ClInclude Include="framework\composition.h" />
    <ClInclude Include="framework\circular_array.h">
      <Filter>concurrency</Filter>
    </ClInclude>
    <ClInclude Include="framework\distortion.h" />
    <ClInclude Include="framework\apply.h" />
    <ClInclude Include="framework\epoch.h" />
    <ClInclude Include="framework\fmt.h" />
    <ClInclude Include="framework\filesystem.h" />
    <ClInclude Include="framework\error.h" />
    <ClInclude Include="framework\gl.h" />
    <ClInclude Include="framework\glew.h" />
    <ClInclude Include="framework\glm.h" />
    <ClInclude Include="framework\grammar.h" />
    <ClInclude Include="framework\gui.h" />
    <ClInclude Include="framework\gui_direction.h" />
    <ClInclude Include="framework\half.h" />
    <ClInclude Include="framework\gui_table.h">
      <Filter>imgui</Filter>
    </ClInclude>
    <ClInclude Include="framework\noncopyable.h" />
    <ClInclude Include="framework\oculus.h" />
    <ClInclude Include="framework\rendermodel.h" />
    <ClInclude Include="framework\quality.h" />
    <ClInclude Include="framework\post.h" />
    <ClInclude Include="framework\overlay.h" />
    <ClInclude Include="framework\opt.h" />
    <ClInclude Include="framework\openal.h" />
    <ClInclude Include="framework\openvr.h" />
    <ClInclude Include="framework\openvr_system.h" />
    <ClInclude Include="framework\sampling.h" />
    <ClInclude Include="framework\sdl.h" />
    <ClInclude Include="framework\sdl_system.h" />
    <ClInclude Include="framework\sdl_window.h" />
    <ClInclude Include="framework\serialization.h" />
    <ClInclude Include="framework\spherical_harmonics.h" />
    <ClInclude Include="framework\shader.h" />
    <ClInclude Include="framework\stereo_fbo.h" />
    <ClInclude Include="framework\worker.h">
      <Filter>concurrency</Filter>
    </ClInclude>
    <ClInclude Include="framework\utf8.h" />
    <ClInclude Include="framework\timer.h" />
    <ClInclude Include="framework\texturing.h" />
    <ClInclude Include="framework\std.h" />
    <ClInclude Include="framework\spectrum.h" />
    <ClInclude Include="framework\spdlog.h" />
    <ClInclude Include="framework\skybox.h" />
    <ClInclude Include="framework\signal.h" />
    <ClInclude Include="framework\controllers.h" />
    <ClInclude Include="framework\math.h" />
    <ClInclude Include="framework\math_constexpr.h" />
  </ItemGroup>
  <ItemGroup>
    <Natvis Include="..\third-party\glm\util\glm.natvis" />
  </ItemGroup>
  <ItemGroup>
    <None Include="shaders\brdf.glsl" />
    <None Include="shaders\controllers.frag" />
    <None Include="shaders\controllers.vert" />
    <None Include="shaders\cotangent.glsl" />
    <None Include="shaders\distortion_mask.frag" />
    <None Include="shaders\distortion_mask.vert" />
    <None Include="shaders\distortion_warp.frag" />
    <None Include="shaders\distortion_warp.vert" />
    <None Include="shaders\gui.frag" />
    <None Include="shaders\gui.vert" />
    <None Include="shaders\oct.glsl" />
    <None Include="shaders\post_blur.glsl" />
    <None Include="shaders\post_blur_h.frag" />
    <None Include="shaders\post_blur_v.frag" />
    <None Include="shaders\post_downsample.frag" />
    <None Include="shaders\post_pass.vert" />
    <None Include="shaders\post_tonemap.frag" />
    <None Include="shaders\rendermodel.frag" />
    <None Include="shaders\rendermodel.vert" />
    <None Include="shaders\seascape.glsl" />
    <None Include="shaders\skybox.frag" />
    <None Include="shaders\skybox.vert" />
    <None Include="shaders\spherical_harmonics.glsl" />
    <None Include="shaders\color.glsl" />
  </ItemGroup>
  <ItemGroup>
    <Filter Include="imgui">
      <UniqueIdentifier>{aee0de28-c747-4e2e-88bf-6c3486e9c7fc}</UniqueIdentifier>
    </Filter>
    <Filter Include="hosek">
      <UniqueIdentifier>{0290da32-a70c-4c17-9e98-2cee84f1732a}</UniqueIdentifier>
    </Filter>
    <Filter Include="concurrency">
      <UniqueIdentifier>{b2f1f083-025f-4d1b-b9ae-7bb617d91481}</UniqueIdentifier>
    </Filter>
  </ItemGroup>
</Project>