<?xml version="1.0" encoding="utf-8"?>
<Project ToolsVersion="4.0" xmlns="http://schemas.microsoft.com/developer/msbuild/2003">
  <ItemGroup>
    <ClInclude Include="$(MSBuildThisFileDirectory)framework\alloca_array.h">
      <Filter>util</Filter>
    </ClInclude>
    <ClInclude Include="$(MSBuildThisFileDirectory)framework\glm.h" />
    <ClInclude Include="$(MSBuildThisFileDirectory)framework\gui.h" />
    <ClInclude Include="$(MSBuildThisFileDirectory)framework\skybox.h" />
    <ClInclude Include="$(MSBuildThisFileDirectory)framework\spectrum.h" />
    <ClInclude Include="$(MSBuildThisFileDirectory)framework\glew.h" />
    <ClInclude Include="$(MSBuildThisFileDirectory)framework\quality.h" />
    <ClInclude Include="$(MSBuildThisFileDirectory)framework\post.h" />
    <ClInclude Include="$(MSBuildThisFileDirectory)framework\gui_direction.h" />
    <ClInclude Include="$(MSBuildThisFileDirectory)framework\stb.h" />
    <ClInclude Include="$(MSBuildThisFileDirectory)..\third-party\stb\stb_image.h" />
  </ItemGroup>
  <ItemGroup>
    <Filter Include="cds">
      <UniqueIdentifier>{3e552b06-3200-4e6a-83bb-d5655b7bd099}</UniqueIdentifier>
    </Filter>
    <Filter Include="concurrency">
      <UniqueIdentifier>{5f7fc9fe-af54-4f75-b638-707f0b34d926}</UniqueIdentifier>
    </Filter>
    <Filter Include="logging">
      <UniqueIdentifier>{732a0213-062b-4027-baaa-35438e60f193}</UniqueIdentifier>
    </Filter>
    <Filter Include="oculus">
      <UniqueIdentifier>{da41f24c-54d8-4a3d-a36b-5507344f2d52}</UniqueIdentifier>
    </Filter>
    <Filter Include="openvr">
      <UniqueIdentifier>{d8b6bfe1-4f80-4187-a447-e7a5cb21ff63}</UniqueIdentifier>
    </Filter>
    <Filter Include="sdl">
      <UniqueIdentifier>{754d97f0-d6e5-4b0a-800d-3d084000fbc7}</UniqueIdentifier>
    </Filter>
    <Filter Include="util">
      <UniqueIdentifier>{0c009510-b5d9-477b-b0b2-fc62e328b32f}</UniqueIdentifier>
    </Filter>
    <Filter Include="work-in-progress">
      <UniqueIdentifier>{156ceea3-ba8b-4462-a937-4565aea8bd8f}</UniqueIdentifier>
    </Filter>
  </ItemGroup>
  <ItemGroup>
    <ClCompile Include="$(MSBuildThisFileDirectory)framework\spdlog.cpp">
      <Filter>logging</Filter>
    </ClCompile>
    <ClCompile Include="$(MSBuildThisFileDirectory)framework\gui.cpp" />
    <ClCompile Include="$(MSBuildThisFileDirectory)framework\skybox.cpp" />
    <ClCompile Include="$(MSBuildThisFileDirectory)framework\spectrum.cpp" />
    <ClCompile Include="$(MSBuildThisFileDirectory)framework\quality.cpp" />
    <ClCompile Include="$(MSBuildThisFileDirectory)framework\stb.cpp" />
  </ItemGroup>
  <ItemGroup>
    <Natvis Include="$(MSBuildThisFileDirectory)..\third-party\glm\util\glm.natvis" />
  </ItemGroup>
</Project>